{
    "_readme": [
        "This file locks the dependencies of your project to a known state",
        "Read more about it at https://getcomposer.org/doc/01-basic-usage.md#installing-dependencies",
        "This file is @generated automatically"
    ],
    "content-hash": "84dc418da47b669e2d644ecae133fd35",
    "packages": [
        {
            "name": "comhon-project/comhon",
            "version": "v2.0.0",
            "source": {
                "type": "git",
                "url": "https://github.com/comhon-project/comhon.git",
                "reference": "067e60ac0a8bbc10675b28b950d6ab59c8796847"
            },
            "dist": {
                "type": "zip",
                "url": "https://api.github.com/repos/comhon-project/comhon/zipball/067e60ac0a8bbc10675b28b950d6ab59c8796847",
                "reference": "067e60ac0a8bbc10675b28b950d6ab59c8796847",
                "shasum": ""
            },
            "require": {
                "php": "^5.6 || ^7.0"
            },
            "type": "library",
            "autoload": {
                "psr-4": {
                    "Comhon\\": "src/Comhon"
                }
            },
            "notification-url": "https://packagist.org/downloads/",
            "license": [
                "MIT"
            ],
            "authors": [
                {
                    "name": "Jean-Philippe Perrotton",
                    "email": "jeanphilippe.perrotton@gmail.com"
                }
            ],
            "description": "The Comhon! PHP framework",
            "homepage": "https://github.com/comhon-project/comhon",
            "time": "2017-08-03T22:57:17+00:00"
        }
    ],
    "packages-dev": [],
    "aliases": [],
    "minimum-stability": "stable",
    "stability-flags": [],
    "prefer-stable": false,
    "prefer-lowest": false,
    "platform": [],
    "platform-dev": []
}
